dependencies:
- name: postgresql-ha
  repository: https://charts.bitnami.com/bitnami
  version: 9.1.5
- name: postgresql-ha
  repository: https://charts.bitnami.com/bitnami
  version: 9.1.5
- name: kafka
  repository: https://charts.bitnami.com/bitnami
  version: 17.2.6
- name: common
  repository: https://charts.bitnami.com/bitnami
  version: 1.16.0
digest: sha256:5bc6a08a5eb61f03fd35c8056eb17913807ff242ca0990411f9b16e19fa48514
generated: "2022-06-15T16:28:38.597498006+08:00"
